
Microsoft Visual Studio Solution File, Format Version 12.00
# Visual Studio 14
VisualStudioVersion = 14.0.25420.1
MinimumVisualStudioVersion = 10.0.40219.1
Project("{FAE04EC0-301F-11D3-BF4B-00C04F79EFBC}") = "TurnerSoftware.Sitemap", "TurnerSoftware.Sitemap\TurnerSoftware.Sitemap.csproj", "{368739A7-4B60-47D2-AAC5-05A30CE3033C}"
EndProject
Project("{2150E333-8FDC-42A3-9474-1A3956D46DE8}") = "Solution Items", "Solution Items", "{B79203C9-7B50-4C91-A0AD-EAA6FBAABD53}"
	ProjectSection(SolutionItems) = preProject
		LICENSE = LICENSE
		README.md = README.md
	EndProjectSection
EndProject
Global
	GlobalSection(SolutionConfigurationPlatforms) = preSolution
		Debug|Any CPU = Debug|Any CPU
		Release|Any CPU = Release|Any CPU
	EndGlobalSection
	GlobalSection(ProjectConfigurationPlatforms) = postSolution
		{368739A7-4B60-47D2-AAC5-05A30CE3033C}.Debug|Any CPU.ActiveCfg = Debug|Any CPU
		{368739A7-4B60-47D2-AAC5-05A30CE3033C}.Debug|Any CPU.Build.0 = Debug|Any CPU
		{368739A7-4B60-47D2-AAC5-05A30CE3033C}.Release|Any CPU.ActiveCfg = Release|Any CPU
		{368739A7-4B60-47D2-AAC5-05A30CE3033C}.Release|Any CPU.Build.0 = Release|Any CPU
	EndGlobalSection
	GlobalSection(SolutionProperties) = preSolution
		HideSolutionNode = FALSE
	EndGlobalSection
EndGlobal
